
Microsoft Visual Studio Solution File, Format Version 12.00
# Visual Studio 2013
VisualStudioVersion = 12.0.30723.0
MinimumVisualStudioVersion = 10.0.40219.1
Project("{FAE04EC0-301F-11D3-BF4B-00C04F79EFBC}") = "PadraoBuilder", "PadraoBuilder\PadraoBuilder.csproj", "{9599D36E-95E1-44F4-90B2-40E917226078}"
EndProject
Project("{FAE04EC0-301F-11D3-BF4B-00C04F79EFBC}") = "AbstractFactory", "AbstractFactory\AbstractFactory.csproj", "{DA015F92-C1E8-4472-A005-1EC944CC2AFA}"
EndProject
Project("{FAE04EC0-301F-11D3-BF4B-00C04F79EFBC}") = "FactoryMethod", "FactoryMethod\FactoryMethod.csproj", "{FF7EE3AC-C469-48A8-B17E-C98FD9586D41}"
EndProject
Project("{FAE04EC0-301F-11D3-BF4B-00C04F79EFBC}") = "Prototype", "Prototype\Prototype.csproj", "{CAB0B0FE-E25B-40F0-9EC1-09230D272566}"
EndProject
Project("{FAE04EC0-301F-11D3-BF4B-00C04F79EFBC}") = "Singleton", "Singleton\Singleton.csproj", "{49E30971-D48E-45F4-89A6-47F1FD48FFB5}"
EndProject
Project("{2150E333-8FDC-42A3-9474-1A3956D46DE8}") = "Criacionais", "Criacionais", "{0940EB40-488C-4DC2-A124-F98D5A868D82}"
EndProject
Project("{2150E333-8FDC-42A3-9474-1A3956D46DE8}") = "Estruturais", "Estruturais", "{1DBA0E65-7E7A-4555-AD49-5CBF9A13C3C5}"
EndProject
Project("{FAE04EC0-301F-11D3-BF4B-00C04F79EFBC}") = "Adapter", "Adapter\Adapter.csproj", "{ADA9C497-2672-4720-BFD7-360A30C67825}"
EndProject
Project("{2150E333-8FDC-42A3-9474-1A3956D46DE8}") = "Comportamentais", "Comportamentais", "{1FE6B921-EFD8-4023-BAAB-A5314A7312FE}"
EndProject
Project("{2150E333-8FDC-42A3-9474-1A3956D46DE8}") = "Arquiteturais", "Arquiteturais", "{1E87D76F-B9CF-4D3E-BAE9-73856EAE2E39}"
EndProject
Project("{2150E333-8FDC-42A3-9474-1A3956D46DE8}") = "Outros", "Outros", "{BF13554A-E537-411C-AEB2-C453C4DB9D8B}"
EndProject
Project("{2150E333-8FDC-42A3-9474-1A3956D46DE8}") = "Solid", "Solid", "{D29256DE-EC0C-4105-8CFA-F618114527D1}"
EndProject
Global
	GlobalSection(SolutionConfigurationPlatforms) = preSolution
		Debug|Any CPU = Debug|Any CPU
		Release|Any CPU = Release|Any CPU
	EndGlobalSection
	GlobalSection(ProjectConfigurationPlatforms) = postSolution
		{9599D36E-95E1-44F4-90B2-40E917226078}.Debug|Any CPU.ActiveCfg = Debug|Any CPU
		{9599D36E-95E1-44F4-90B2-40E917226078}.Debug|Any CPU.Build.0 = Debug|Any CPU
		{9599D36E-95E1-44F4-90B2-40E917226078}.Release|Any CPU.ActiveCfg = Release|Any CPU
		{9599D36E-95E1-44F4-90B2-40E917226078}.Release|Any CPU.Build.0 = Release|Any CPU
		{DA015F92-C1E8-4472-A005-1EC944CC2AFA}.Debug|Any CPU.ActiveCfg = Debug|Any CPU
		{DA015F92-C1E8-4472-A005-1EC944CC2AFA}.Debug|Any CPU.Build.0 = Debug|Any CPU
		{DA015F92-C1E8-4472-A005-1EC944CC2AFA}.Release|Any CPU.ActiveCfg = Release|Any CPU
		{DA015F92-C1E8-4472-A005-1EC944CC2AFA}.Release|Any CPU.Build.0 = Release|Any CPU
		{FF7EE3AC-C469-48A8-B17E-C98FD9586D41}.Debug|Any CPU.ActiveCfg = Debug|Any CPU
		{FF7EE3AC-C469-48A8-B17E-C98FD9586D41}.Debug|Any CPU.Build.0 = Debug|Any CPU
		{FF7EE3AC-C469-48A8-B17E-C98FD9586D41}.Release|Any CPU.ActiveCfg = Release|Any CPU
		{FF7EE3AC-C469-48A8-B17E-C98FD9586D41}.Release|Any CPU.Build.0 = Release|Any CPU
		{CAB0B0FE-E25B-40F0-9EC1-09230D272566}.Debug|Any CPU.ActiveCfg = Debug|Any CPU
		{CAB0B0FE-E25B-40F0-9EC1-09230D272566}.Debug|Any CPU.Build.0 = Debug|Any CPU
		{CAB0B0FE-E25B-40F0-9EC1-09230D272566}.Release|Any CPU.ActiveCfg = Release|Any CPU
		{CAB0B0FE-E25B-40F0-9EC1-09230D272566}.Release|Any CPU.Build.0 = Release|Any CPU
		{49E30971-D48E-45F4-89A6-47F1FD48FFB5}.Debug|Any CPU.ActiveCfg = Debug|Any CPU
		{49E30971-D48E-45F4-89A6-47F1FD48FFB5}.Debug|Any CPU.Build.0 = Debug|Any CPU
		{49E30971-D48E-45F4-89A6-47F1FD48FFB5}.Release|Any CPU.ActiveCfg = Release|Any CPU
		{49E30971-D48E-45F4-89A6-47F1FD48FFB5}.Release|Any CPU.Build.0 = Release|Any CPU
		{ADA9C497-2672-4720-BFD7-360A30C67825}.Debug|Any CPU.ActiveCfg = Debug|Any CPU
		{ADA9C497-2672-4720-BFD7-360A30C67825}.Debug|Any CPU.Build.0 = Debug|Any CPU
		{ADA9C497-2672-4720-BFD7-360A30C67825}.Release|Any CPU.ActiveCfg = Release|Any CPU
		{ADA9C497-2672-4720-BFD7-360A30C67825}.Release|Any CPU.Build.0 = Release|Any CPU
	EndGlobalSection
	GlobalSection(SolutionProperties) = preSolution
		HideSolutionNode = FALSE
	EndGlobalSection
	GlobalSection(NestedProjects) = preSolution
		{9599D36E-95E1-44F4-90B2-40E917226078} = {0940EB40-488C-4DC2-A124-F98D5A868D82}
		{DA015F92-C1E8-4472-A005-1EC944CC2AFA} = {0940EB40-488C-4DC2-A124-F98D5A868D82}
		{FF7EE3AC-C469-48A8-B17E-C98FD9586D41} = {0940EB40-488C-4DC2-A124-F98D5A868D82}
		{CAB0B0FE-E25B-40F0-9EC1-09230D272566} = {0940EB40-488C-4DC2-A124-F98D5A868D82}
		{49E30971-D48E-45F4-89A6-47F1FD48FFB5} = {0940EB40-488C-4DC2-A124-F98D5A868D82}
		{ADA9C497-2672-4720-BFD7-360A30C67825} = {1DBA0E65-7E7A-4555-AD49-5CBF9A13C3C5}
	EndGlobalSection
EndGlobal
