
Microsoft Visual Studio Solution File, Format Version 12.00
# Visual Studio 2013
VisualStudioVersion = 12.0.30723.0
MinimumVisualStudioVersion = 10.0.40219.1
Project("{FAE04EC0-301F-11D3-BF4B-00C04F79EFBC}") = "PadraoBuilder", "PadraoBuilder\PadraoBuilder.csproj", "{9599D36E-95E1-44F4-90B2-40E917226078}"
EndProject
Project("{FAE04EC0-301F-11D3-BF4B-00C04F79EFBC}") = "AbstractFactory", "AbstractFactory\AbstractFactory.csproj", "{DA015F92-C1E8-4472-A005-1EC944CC2AFA}"
EndProject
Project("{FAE04EC0-301F-11D3-BF4B-00C04F79EFBC}") = "FactoryMethod", "FactoryMethod\FactoryMethod.csproj", "{FF7EE3AC-C469-48A8-B17E-C98FD9586D41}"
EndProject
Project("{FAE04EC0-301F-11D3-BF4B-00C04F79EFBC}") = "Prototype", "Prototype\Prototype.csproj", "{CAB0B0FE-E25B-40F0-9EC1-09230D272566}"
EndProject
Project("{FAE04EC0-301F-11D3-BF4B-00C04F79EFBC}") = "Singleton", "Singleton\Singleton.csproj", "{49E30971-D48E-45F4-89A6-47F1FD48FFB5}"
EndProject
Global
	GlobalSection(SolutionConfigurationPlatforms) = preSolution
		Debug|Any CPU = Debug|Any CPU
		Release|Any CPU = Release|Any CPU
	EndGlobalSection
	GlobalSection(ProjectConfigurationPlatforms) = postSolution
		{9599D36E-95E1-44F4-90B2-40E917226078}.Debug|Any CPU.ActiveCfg = Debug|Any CPU
		{9599D36E-95E1-44F4-90B2-40E917226078}.Debug|Any CPU.Build.0 = Debug|Any CPU
		{9599D36E-95E1-44F4-90B2-40E917226078}.Release|Any CPU.ActiveCfg = Release|Any CPU
		{9599D36E-95E1-44F4-90B2-40E917226078}.Release|Any CPU.Build.0 = Release|Any CPU
		{DA015F92-C1E8-4472-A005-1EC944CC2AFA}.Debug|Any CPU.ActiveCfg = Debug|Any CPU
		{DA015F92-C1E8-4472-A005-1EC944CC2AFA}.Debug|Any CPU.Build.0 = Debug|Any CPU
		{DA015F92-C1E8-4472-A005-1EC944CC2AFA}.Release|Any CPU.ActiveCfg = Release|Any CPU
		{DA015F92-C1E8-4472-A005-1EC944CC2AFA}.Release|Any CPU.Build.0 = Release|Any CPU
		{FF7EE3AC-C469-48A8-B17E-C98FD9586D41}.Debug|Any CPU.ActiveCfg = Debug|Any CPU
		{FF7EE3AC-C469-48A8-B17E-C98FD9586D41}.Debug|Any CPU.Build.0 = Debug|Any CPU
		{FF7EE3AC-C469-48A8-B17E-C98FD9586D41}.Release|Any CPU.ActiveCfg = Release|Any CPU
		{FF7EE3AC-C469-48A8-B17E-C98FD9586D41}.Release|Any CPU.Build.0 = Release|Any CPU
		{CAB0B0FE-E25B-40F0-9EC1-09230D272566}.Debug|Any CPU.ActiveCfg = Debug|Any CPU
		{CAB0B0FE-E25B-40F0-9EC1-09230D272566}.Debug|Any CPU.Build.0 = Debug|Any CPU
		{CAB0B0FE-E25B-40F0-9EC1-09230D272566}.Release|Any CPU.ActiveCfg = Release|Any CPU
		{CAB0B0FE-E25B-40F0-9EC1-09230D272566}.Release|Any CPU.Build.0 = Release|Any CPU
		{49E30971-D48E-45F4-89A6-47F1FD48FFB5}.Debug|Any CPU.ActiveCfg = Debug|Any CPU
		{49E30971-D48E-45F4-89A6-47F1FD48FFB5}.Debug|Any CPU.Build.0 = Debug|Any CPU
		{49E30971-D48E-45F4-89A6-47F1FD48FFB5}.Release|Any CPU.ActiveCfg = Release|Any CPU
		{49E30971-D48E-45F4-89A6-47F1FD48FFB5}.Release|Any CPU.Build.0 = Release|Any CPU
	EndGlobalSection
	GlobalSection(SolutionProperties) = preSolution
		HideSolutionNode = FALSE
	EndGlobalSection
EndGlobal
